Microsoft Visual Studio Solution File, Format Version 11.00
# Visual Studio 2008

Project("{C1438C5A-E941-0AF0-01B1-9FBB07499AB2}") = "LasersAndMirrors", "Assembly-CSharp.csproj", "{98B9D563-585A-8033-A5F9-982AA214C3F8}"
EndProject
Global
	GlobalSection(SolutionConfigurationPlatforms) = preSolution
		Debug|Any CPU = Debug|Any CPU
		Release|Any CPU = Release|Any CPU
	EndGlobalSection
	GlobalSection(ProjectConfigurationPlatforms) = postSolution
		{98B9D563-585A-8033-A5F9-982AA214C3F8}.Debug|Any CPU.ActiveCfg = Debug|Any CPU
		{98B9D563-585A-8033-A5F9-982AA214C3F8}.Debug|Any CPU.Build.0 = Debug|Any CPU
		{98B9D563-585A-8033-A5F9-982AA214C3F8}.Release|Any CPU.ActiveCfg = Release|Any CPU
		{98B9D563-585A-8033-A5F9-982AA214C3F8}.Release|Any CPU.Build.0 = Release|Any CPU
	EndGlobalSection
	GlobalSection(SolutionProperties) = preSolution
		HideSolutionNode = FALSE
	EndGlobalSection
																				GlobalSection(MonoDevelopProperties) = preSolution
		StartupItem = Assembly-CSharp.csproj
	EndGlobalSection

EndGlobal
